// !$*UTF8*$!
{
	archiveVersion = 1;
	classes = {
	};
	objectVersion = 46;
	objects = {

/* Begin PBXBuildFile section */
		22C7EE24194B68DB00F390C9 /* AppDelegate.swift in Sources */ = {isa = PBXBuildFile; fileRef = 22C7EE23194B68DB00F390C9 /* AppDelegate.swift */; };
		22C7EE26194B68DB00F390C9 /* Images.xcassets in Resources */ = {isa = PBXBuildFile; fileRef = 22C7EE25194B68DB00F390C9 /* Images.xcassets */; };
		22C7EE32194B68DB00F390C9 /* CRGradientLabelDemoTests.swift in Sources */ = {isa = PBXBuildFile; fileRef = 22C7EE31194B68DB00F390C9 /* CRGradientLabelDemoTests.swift */; };
		22C7EE3C194B695200F390C9 /* MainViewController.swift in Sources */ = {isa = PBXBuildFile; fileRef = 22C7EE3B194B695200F390C9 /* MainViewController.swift */; };
		22C7EE4A194B9E9500F390C9 /* CRGradientLabel.swift in Sources */ = {isa = PBXBuildFile; fileRef = 22C7EE48194B9E9500F390C9 /* CRGradientLabel.swift */; };
/* End PBXBuildFile section */

/* Begin PBXContainerItemProxy section */
		22C7EE2C194B68DB00F390C9 /* PBXContainerItemProxy */ = {
			isa = PBXContainerItemProxy;
			containerPortal = 22C7EE16194B68DB00F390C9 /* Project object */;
			proxyType = 1;
			remoteGlobalIDString = 22C7EE1D194B68DB00F390C9;
			remoteInfo = CRGradientLabelDemo;
		};
/* End PBXContainerItemProxy section */

/* Begin PBXFileReference section */
		22C7EE1E194B68DB00F390C9 /* CRGradientLabelDemo.app */ = {isa = PBXFileReference; explicitFileType = wrapper.application; includeInIndex = 0; path = CRGradientLabelDemo.app; sourceTree = BUILT_PRODUCTS_DIR; };
		22C7EE22194B68DB00F390C9 /* Info.plist */ = {isa = PBXFileReference; lastKnownFileType = text.plist.xml; path = Info.plist; sourceTree = "<group>"; };
		22C7EE23194B68DB00F390C9 /* AppDelegate.swift */ = {isa = PBXFileReference; lastKnownFileType = sourcecode.swift; path = AppDelegate.swift; sourceTree = "<group>"; };
		22C7EE25194B68DB00F390C9 /* Images.xcassets */ = {isa = PBXFileReference; lastKnownFileType = folder.assetcatalog; path = Images.xcassets; sourceTree = "<group>"; };
		22C7EE2B194B68DB00F390C9 /* CRGradientLabelDemoTests.xctest */ = {isa = PBXFileReference; explicitFileType = wrapper.cfbundle; includeInIndex = 0; path = CRGradientLabelDemoTests.xctest; sourceTree = BUILT_PRODUCTS_DIR; };
		22C7EE30194B68DB00F390C9 /* Info.plist */ = {isa = PBXFileReference; lastKnownFileType = text.plist.xml; path = Info.plist; sourceTree = "<group>"; };
		22C7EE31194B68DB00F390C9 /* CRGradientLabelDemoTests.swift */ = {isa = PBXFileReference; lastKnownFileType = sourcecode.swift; path = CRGradientLabelDemoTests.swift; sourceTree = "<group>"; };
		22C7EE3B194B695200F390C9 /* MainViewController.swift */ = {isa = PBXFileReference; fileEncoding = 4; lastKnownFileType = sourcecode.swift; path = MainViewController.swift; sourceTree = "<group>"; };
		22C7EE48194B9E9500F390C9 /* CRGradientLabel.swift */ = {isa = PBXFileReference; fileEncoding = 4; lastKnownFileType = sourcecode.swift; path = CRGradientLabel.swift; sourceTree = "<group>"; };
/* End PBXFileReference section */

/* Begin PBXFrameworksBuildPhase section */
		22C7EE1B194B68DB00F390C9 /* Frameworks */ = {
			isa = PBXFrameworksBuildPhase;
			buildActionMask = 2147483647;
			files = (
			);
			runOnlyForDeploymentPostprocessing = 0;
		};
		22C7EE28194B68DB00F390C9 /* Frameworks */ = {
			isa = PBXFrameworksBuildPhase;
			buildActionMask = 2147483647;
			files = (
			);
			runOnlyForDeploymentPostprocessing = 0;
		};
/* End PBXFrameworksBuildPhase section */

/* Begin PBXGroup section */
		22C7EE15194B68DB00F390C9 = {
			isa = PBXGroup;
			children = (
				22C7EE43194B9E9500F390C9 /* CRGradientLabel */,
				22C7EE20194B68DB00F390C9 /* CRGradientLabelDemo */,
				22C7EE2E194B68DB00F390C9 /* CRGradientLabelDemoTests */,
				22C7EE1F194B68DB00F390C9 /* Products */,
			);
			sourceTree = "<group>";
		};
		22C7EE1F194B68DB00F390C9 /* Products */ = {
			isa = PBXGroup;
			children = (
				22C7EE1E194B68DB00F390C9 /* CRGradientLabelDemo.app */,
				22C7EE2B194B68DB00F390C9 /* CRGradientLabelDemoTests.xctest */,
			);
			name = Products;
			sourceTree = "<group>";
		};
		22C7EE20194B68DB00F390C9 /* CRGradientLabelDemo */ = {
			isa = PBXGroup;
			children = (
				22C7EE23194B68DB00F390C9 /* AppDelegate.swift */,
				22C7EE3B194B695200F390C9 /* MainViewController.swift */,
				22C7EE25194B68DB00F390C9 /* Images.xcassets */,
				22C7EE21194B68DB00F390C9 /* Supporting Files */,
			);
			path = CRGradientLabelDemo;
			sourceTree = "<group>";
		};
		22C7EE21194B68DB00F390C9 /* Supporting Files */ = {
			isa = PBXGroup;
			children = (
				22C7EE22194B68DB00F390C9 /* Info.plist */,
			);
			name = "Supporting Files";
			sourceTree = "<group>";
		};
		22C7EE2E194B68DB00F390C9 /* CRGradientLabelDemoTests */ = {
			isa = PBXGroup;
			children = (
				22C7EE31194B68DB00F390C9 /* CRGradientLabelDemoTests.swift */,
				22C7EE2F194B68DB00F390C9 /* Supporting Files */,
			);
			path = CRGradientLabelDemoTests;
			sourceTree = "<group>";
		};
		22C7EE2F194B68DB00F390C9 /* Supporting Files */ = {
			isa = PBXGroup;
			children = (
				22C7EE30194B68DB00F390C9 /* Info.plist */,
			);
			name = "Supporting Files";
			sourceTree = "<group>";
		};
		22C7EE43194B9E9500F390C9 /* CRGradientLabel */ = {
			isa = PBXGroup;
			children = (
				22C7EE47194B9E9500F390C9 /* Swift */,
			);
			name = CRGradientLabel;
			path = ../CRGradientLabel;
			sourceTree = "<group>";
		};
		22C7EE47194B9E9500F390C9 /* Swift */ = {
			isa = PBXGroup;
			children = (
				22C7EE48194B9E9500F390C9 /* CRGradientLabel.swift */,
			);
			path = Swift;
			sourceTree = "<group>";
		};
/* End PBXGroup section */

/* Begin PBXNativeTarget section */
		22C7EE1D194B68DB00F390C9 /* CRGradientLabelDemo */ = {
			isa = PBXNativeTarget;
			buildConfigurationList = 22C7EE35194B68DB00F390C9 /* Build configuration list for PBXNativeTarget "CRGradientLabelDemo" */;
			buildPhases = (
				22C7EE1A194B68DB00F390C9 /* Sources */,
				22C7EE1B194B68DB00F390C9 /* Frameworks */,
				22C7EE1C194B68DB00F390C9 /* Resources */,
			);
			buildRules = (
			);
			dependencies = (
			);
			name = CRGradientLabelDemo;
			productName = CRGradientLabelDemo;
			productReference = 22C7EE1E194B68DB00F390C9 /* CRGradientLabelDemo.app */;
			productType = "com.apple.product-type.application";
		};
		22C7EE2A194B68DB00F390C9 /* CRGradientLabelDemoTests */ = {
			isa = PBXNativeTarget;
			buildConfigurationList = 22C7EE38194B68DB00F390C9 /* Build configuration list for PBXNativeTarget "CRGradientLabelDemoTests" */;
			buildPhases = (
				22C7EE27194B68DB00F390C9 /* Sources */,
				22C7EE28194B68DB00F390C9 /* Frameworks */,
				22C7EE29194B68DB00F390C9 /* Resources */,
			);
			buildRules = (
			);
			dependencies = (
				22C7EE2D194B68DB00F390C9 /* PBXTargetDependency */,
			);
			name = CRGradientLabelDemoTests;
			productName = CRGradientLabelDemoTests;
			productReference = 22C7EE2B194B68DB00F390C9 /* CRGradientLabelDemoTests.xctest */;
			productType = "com.apple.product-type.bundle.unit-test";
		};
/* End PBXNativeTarget section */

/* Begin PBXProject section */
		22C7EE16194B68DB00F390C9 /* Project object */ = {
			isa = PBXProject;
			attributes = {
				LastUpgradeCheck = 0600;
				ORGANIZATIONNAME = "Christian Roman";
				TargetAttributes = {
					22C7EE1D194B68DB00F390C9 = {
						CreatedOnToolsVersion = 6.0;
					};
					22C7EE2A194B68DB00F390C9 = {
						CreatedOnToolsVersion = 6.0;
						TestTargetID = 22C7EE1D194B68DB00F390C9;
					};
				};
			};
			buildConfigurationList = 22C7EE19194B68DB00F390C9 /* Build configuration list for PBXProject "CRGradientLabelDemo" */;
			compatibilityVersion = "Xcode 3.2";
			developmentRegion = English;
			hasScannedForEncodings = 0;
			knownRegions = (
				en,
			);
			mainGroup = 22C7EE15194B68DB00F390C9;
			productRefGroup = 22C7EE1F194B68DB00F390C9 /* Products */;
			projectDirPath = "";
			projectRoot = "";
			targets = (
				22C7EE1D194B68DB00F390C9 /* CRGradientLabelDemo */,
				22C7EE2A194B68DB00F390C9 /* CRGradientLabelDemoTests */,
			);
		};
/* End PBXProject section */

/* Begin PBXResourcesBuildPhase section */
		22C7EE1C194B68DB00F390C9 /* Resources */ = {
			isa = PBXResourcesBuildPhase;
			buildActionMask = 2147483647;
			files = (
				22C7EE26194B68DB00F390C9 /* Images.xcassets in Resources */,
			);
			runOnlyForDeploymentPostprocessing = 0;
		};
		22C7EE29194B68DB00F390C9 /* Resources */ = {
			isa = PBXResourcesBuildPhase;
			buildActionMask = 2147483647;
			files = (
			);
			runOnlyForDeploymentPostprocessing = 0;
		};
/* End PBXResourcesBuildPhase section */

/* Begin PBXSourcesBuildPhase section */
		22C7EE1A194B68DB00F390C9 /* Sources */ = {
			isa = PBXSourcesBuildPhase;
			buildActionMask = 2147483647;
			files = (
				22C7EE24194B68DB00F390C9 /* AppDelegate.swift in Sources */,
				22C7EE3C194B695200F390C9 /* MainViewController.swift in Sources */,
				22C7EE4A194B9E9500F390C9 /* CRGradientLabel.swift in Sources */,
			);
			runOnlyForDeploymentPostprocessing = 0;
		};
		22C7EE27194B68DB00F390C9 /* Sources */ = {
			isa = PBXSourcesBuildPhase;
			buildActionMask = 2147483647;
			files = (
				22C7EE32194B68DB00F390C9 /* CRGradientLabelDemoTests.swift in Sources */,
			);
			runOnlyForDeploymentPostprocessing = 0;
		};
/* End PBXSourcesBuildPhase section */

/* Begin PBXTargetDependency section */
		22C7EE2D194B68DB00F390C9 /* PBXTargetDependency */ = {
			isa = PBXTargetDependency;
			target = 22C7EE1D194B68DB00F390C9 /* CRGradientLabelDemo */;
			targetProxy = 22C7EE2C194B68DB00F390C9 /* PBXContainerItemProxy */;
		};
/* End PBXTargetDependency section */

/* Begin XCBuildConfiguration section */
		22C7EE33194B68DB00F390C9 /* Debug */ = {
			isa = XCBuildConfiguration;
			buildSettings = {
				ALWAYS_SEARCH_USER_PATHS = NO;
				CLANG_CXX_LANGUAGE_STANDARD = "gnu++0x";
				CLANG_CXX_LIBRARY = "libc++";
				CLANG_ENABLE_MODULES = YES;
				CLANG_ENABLE_OBJC_ARC = YES;
				CLANG_WARN_BOOL_CONVERSION = YES;
				CLANG_WARN_CONSTANT_CONVERSION = YES;
				CLANG_WARN_DIRECT_OBJC_ISA_USAGE = YES_ERROR;
				CLANG_WARN_EMPTY_BODY = YES;
				CLANG_WARN_ENUM_CONVERSION = YES;
				CLANG_WARN_INT_CONVERSION = YES;
				CLANG_WARN_OBJC_ROOT_CLASS = YES_ERROR;
				CLANG_WARN_UNREACHABLE_CODE = YES;
				CLANG_WARN__DUPLICATE_METHOD_MATCH = YES;
				"CODE_SIGN_IDENTITY[sdk=iphoneos*]" = "iPhone Developer";
				COPY_PHASE_STRIP = NO;
				ENABLE_STRICT_OBJC_MSGSEND = YES;
				GCC_C_LANGUAGE_STANDARD = gnu99;
				GCC_DYNAMIC_NO_PIC = NO;
				GCC_OPTIMIZATION_LEVEL = 0;
				GCC_PREPROCESSOR_DEFINITIONS = (
					"DEBUG=1",
					"$(inherited)",
				);
				GCC_SYMBOLS_PRIVATE_EXTERN = NO;
				GCC_WARN_64_TO_32_BIT_CONVERSION = YES;
				GCC_WARN_ABOUT_RETURN_TYPE = YES_ERROR;
				GCC_WARN_UNDECLARED_SELECTOR = YES;
				GCC_WARN_UNINITIALIZED_AUTOS = YES_AGGRESSIVE;
				GCC_WARN_UNUSED_FUNCTION = YES;
				GCC_WARN_UNUSED_VARIABLE = YES;
				IPHONEOS_DEPLOYMENT_TARGET = 7.0;
				METAL_ENABLE_DEBUG_INFO = YES;
				ONLY_ACTIVE_ARCH = YES;
				SDKROOT = iphoneos;
				SWIFT_OPTIMIZATION_LEVEL = "-Onone";
			};
			name = Debug;
		};
		22C7EE34194B68DB00F390C9 /* Release */ = {
			isa = XCBuildConfiguration;
			buildSettings = {
				ALWAYS_SEARCH_USER_PATHS = NO;
				CLANG_CXX_LANGUAGE_STANDARD = "gnu++0x";
				CLANG_CXX_LIBRARY = "libc++";
				CLANG_ENABLE_MODULES = YES;
				CLANG_ENABLE_OBJC_ARC = YES;
				CLANG_WARN_BOOL_CONVERSION = YES;
				CLANG_WARN_CONSTANT_CONVERSION = YES;
				CLANG_WARN_DIRECT_OBJC_ISA_USAGE = YES_ERROR;
				CLANG_WARN_EMPTY_BODY = YES;
				CLANG_WARN_ENUM_CONVERSION = YES;
				CLANG_WARN_INT_CONVERSION = YES;
				CLANG_WARN_OBJC_ROOT_CLASS = YES_ERROR;
				CLANG_WARN_UNREACHABLE_CODE = YES;
				CLANG_WARN__DUPLICATE_METHOD_MATCH = YES;
				"CODE_SIGN_IDENTITY[sdk=iphoneos*]" = "iPhone Developer";
				COPY_PHASE_STRIP = YES;
				ENABLE_NS_ASSERTIONS = NO;
				ENABLE_STRICT_OBJC_MSGSEND = YES;
				GCC_C_LANGUAGE_STANDARD = gnu99;
				GCC_WARN_64_TO_32_BIT_CONVERSION = YES;
				GCC_WARN_ABOUT_RETURN_TYPE = YES_ERROR;
				GCC_WARN_UNDECLARED_SELECTOR = YES;
				GCC_WARN_UNINITIALIZED_AUTOS = YES_AGGRESSIVE;
				GCC_WARN_UNUSED_FUNCTION = YES;
				GCC_WARN_UNUSED_VARIABLE = YES;
				IPHONEOS_DEPLOYMENT_TARGET = 7.0;
				METAL_ENABLE_DEBUG_INFO = NO;
				SDKROOT = iphoneos;
				VALIDATE_PRODUCT = YES;
			};
			name = Release;
		};
		22C7EE36194B68DB00F390C9 /* Debug */ = {
			isa = XCBuildConfiguration;
			buildSettings = {
				ASSETCATALOG_COMPILER_APPICON_NAME = AppIcon;
				ASSETCATALOG_COMPILER_LAUNCHIMAGE_NAME = LaunchImage;
				INFOPLIST_FILE = CRGradientLabelDemo/Info.plist;
				IPHONEOS_DEPLOYMENT_TARGET = 7.0;
				LD_RUNPATH_SEARCH_PATHS = "$(inherited) @executable_path/Frameworks";
				PRODUCT_NAME = "$(TARGET_NAME)";
			};
			name = Debug;
		};
		22C7EE37194B68DB00F390C9 /* Release */ = {
			isa = XCBuildConfiguration;
			buildSettings = {
				ASSETCATALOG_COMPILER_APPICON_NAME = AppIcon;
				ASSETCATALOG_COMPILER_LAUNCHIMAGE_NAME = LaunchImage;
				INFOPLIST_FILE = CRGradientLabelDemo/Info.plist;
				IPHONEOS_DEPLOYMENT_TARGET = 7.0;
				LD_RUNPATH_SEARCH_PATHS = "$(inherited) @executable_path/Frameworks";
				PRODUCT_NAME = "$(TARGET_NAME)";
			};
			name = Release;
		};
		22C7EE39194B68DB00F390C9 /* Debug */ = {
			isa = XCBuildConfiguration;
			buildSettings = {
				BUNDLE_LOADER = "$(BUILT_PRODUCTS_DIR)/CRGradientLabelDemo.app/CRGradientLabelDemo";
				FRAMEWORK_SEARCH_PATHS = (
					"$(SDKROOT)/Developer/Library/Frameworks",
					"$(inherited)",
				);
				GCC_PREPROCESSOR_DEFINITIONS = (
					"DEBUG=1",
					"$(inherited)",
				);
				INFOPLIST_FILE = CRGradientLabelDemoTests/Info.plist;
				LD_RUNPATH_SEARCH_PATHS = "$(inherited) @executable_path/Frameworks @loader_path/Frameworks";
				METAL_ENABLE_DEBUG_INFO = YES;
				PRODUCT_NAME = "$(TARGET_NAME)";
				TEST_HOST = "$(BUNDLE_LOADER)";
			};
			name = Debug;
		};
		22C7EE3A194B68DB00F390C9 /* Release */ = {
			isa = XCBuildConfiguration;
			buildSettings = {
				BUNDLE_LOADER = "$(BUILT_PRODUCTS_DIR)/CRGradientLabelDemo.app/CRGradientLabelDemo";
				FRAMEWORK_SEARCH_PATHS = (
					"$(SDKROOT)/Developer/Library/Frameworks",
					"$(inherited)",
				);
				INFOPLIST_FILE = CRGradientLabelDemoTests/Info.plist;
				LD_RUNPATH_SEARCH_PATHS = "$(inherited) @executable_path/Frameworks @loader_path/Frameworks";
				METAL_ENABLE_DEBUG_INFO = NO;
				PRODUCT_NAME = "$(TARGET_NAME)";
				TEST_HOST = "$(BUNDLE_LOADER)";
			};
			name = Release;
		};
/* End XCBuildConfiguration section */

/* Begin XCConfigurationList section */
		22C7EE19194B68DB00F390C9 /* Build configuration list for PBXProject "CRGradientLabelDemo" */ = {
			isa = XCConfigurationList;
			buildConfigurations = (
				22C7EE33194B68DB00F390C9 /* Debug */,
				22C7EE34194B68DB00F390C9 /* Release */,
			);
			defaultConfigurationIsVisible = 0;
			defaultConfigurationName = Release;
		};
		22C7EE35194B68DB00F390C9 /* Build configuration list for PBXNativeTarget "CRGradientLabelDemo" */ = {
			isa = XCConfigurationList;
			buildConfigurations = (
				22C7EE36194B68DB00F390C9 /* Debug */,
				22C7EE37194B68DB00F390C9 /* Release */,
			);
			defaultConfigurationIsVisible = 0;
			defaultConfigurationName = Release;
		};
		22C7EE38194B68DB00F390C9 /* Build configuration list for PBXNativeTarget "CRGradientLabelDemoTests" */ = {
			isa = XCConfigurationList;
			buildConfigurations = (
				22C7EE39194B68DB00F390C9 /* Debug */,
				22C7EE3A194B68DB00F390C9 /* Release */,
			);
			defaultConfigurationIsVisible = 0;
			defaultConfigurationName = Release;
		};
/* End XCConfigurationList section */
	};
	rootObject = 22C7EE16194B68DB00F390C9 /* Project object */;
}
